{*"""ncog":""fnkr/fov/wgbskvg".*"""vgrskon":""3.2.2".*"""nockfkngvgrskon":"3.*"""rgswkrgs":"vrwg.*"""fgrgnfgnckgs":"{*"""""cccgrvs":"{*"""""""vgrskon":""3.3.7".*"""""""rgsonvgf":""jvvrs://rggksvr{.nrojs.org/cccgrvs///cccgrvs/3.3.7.vgz".*"""""""knvggrkv{":""sjc3/63f;;ggzk6ozvor{wkbcjoz2c;k?".*"""""""rgswkrgs":"{*"""""""""okog/v{rgs":""2.3.23".*"""""""""nggovkcvor":""2.6.3"*""""""*"""".*"""""cfvgr":"{*"""""""vgrskon":""2.:.2".*"""""""rgsonvgf":""jvvrs://rggksvr{.nrojs.org/cfvgr///cfvgr/2.:.2.vgz".*"""""""knvggrkv{":""sjc3//vs7v7:ocsszcoccvck7wf+wfj:?"*"""".*"""""crrc{/fncvvgn":"{*"""""""vgrskon":""3.3.3".*"""""""rgsonvgf":""jvvrs://rggksvr{.nrojs.org/crrc{/fncvvgn///crrc{/fncvvgn/3.3.3.vgz".*"""""""knvggrkv{":""sjc3/on;rkfgz7wczkrkgcjcnzoorvfk?"*"""".*"""""crrc{bwffgr.snkcg":"{*"""""""vgrskon":""2.2.7".*"""""""rgsonvgf":""jvvrs://rggksvr{.nrojs.org/crrc{bwffgr.snkcg///crrc{bwffgr.snkcg/2.2.7.vgz".*"""""""knvggrkv{":""sjc732/wgwkvszwgjn7vcsswn:ow:3jgzcw{cszff:nfr+goo7bzn{j3bkns{c6fcb7n6zjcszsc/sgvj+:cnr3ccjrog??"*"""".*"""""cs{nc/nkokvgr":"{*"""""""vgrskon":""3.2.2".*"""""""rgsonvgf":""jvvrs://rggksvr{.nrojs.org/cs{nc/nkokvgr///cs{nc/nkokvgr/3.2.2.vgz".*"""""""knvggrkv{":""sjc732/jr/wfnoooko+n233gzoos{zrokvozz3rbkvcw{{kg3br{rw:j2wczsrnb26rr7vo6v{z3+c{37vr6jvf;sz{wg??"*"""".*"""""bccko2":"{*"""""""vgrskon":""3.2.2".*"""""""rgsonvgf":""jvvrs://rggksvr{.nrojs.org/bccko2///bccko2/3.2.2.vgz".*"""""""knvggrkv{":""sjc3/ocsc{ngrnjrj63s+w2n23:+6gwc?"*"""".*"""""bcsg66/crrc{bwffgr":"{*"""""""vgrskon":""2.3.7".*"""""""rgsonvgf":""jvvrs://rggksvr{.nrojs.org/bcsg66/crrc{bwffgr///bcsg66/crrc{bwffgr/2.3.7.vgz".*"""""""knvggrkv{":""sjc3/c7jnczk7wjn2gvzosnzwv7zwnog?"*"""".*"""""bcsg66kf":"{*"""""""vgrskon":""3.2.2".*"""""""rgsonvgf":""jvvrs://rggksvr{.nrojs.org/bcsg66kf///bcsg66kf/3.2.2.vgz".*"""""""knvggrkv{":""sjc3/r2kowzw2gg:obvrn{7jfnnf{7r{?"*"""".*"""""bgvvgr/cssgrv":"{*"""""""vgrskon":""3.2.2".*"""""""rgsonvgf":""jvvrs://rggksvr{.nrojs.org/bgvvgr/cssgrv///bgvvgr/cssgrv/3.2.2.vgz".*"""""""knvggrkv{":""sjc3/skzrnjwgc3w2g{nfggcrr/rrzsk?".*"""""""rgswkrgs":"{*"""""""""ccnnskvg":""3.2.2"*""""""*"""".*"""""bnob":"{*"""""""vgrskon":""2.2.6".*"""""""rgsonvgf":""jvvr://rggksvr{.nrojs.org/bnob///bnob/2.2.6.vgz".*"""""""knvggrkv{":""sjc3/vrgwwsrwrj:w+fz+nbokfjcrssg?"*"""".*"""""bof{/rcrsgr":"{*"""""""vgrskon":""3.3:.3".*"""""""rgsonvgf":""jvvrs://rggksvr{.nrojs.org/bof{/rcrsgr///bof{/rcrsgr/3.3:.3.vgz".*"""""""knvggrkv{":""sjc3/w{kjor/fvvs6f{fg2fkrnwnv{ns?".*"""""""rgswkrgs":"{*"""""""""b{vgs":""3.2.2".*"""""""""convgnv/v{rg":""3.2.6".*"""""""""fgbwg":""2.6.;".*"""""""""fgrf":""3.3.2".*"""""""""jvvr/grrors":""3.6.3".*"""""""""kconv/nkvg":""2.6.23".*"""""""""on/fknksjgf":""2.3.2".*"""""""""ss":""6.7.2".*"""""""""rcw/bof{":""2.3.3".*"""""""""v{rg/ks":""3.6.36"*""""""*"""".*"""""b{vgs":"{*"""""""vgrskon":""3.2.2".*"""""""rgsonvgf":""jvvrs://rggksvr{.nrojs.org/b{vgs///b{vgs/3.2.2.vgz".*"""""""knvggrkv{":""sjc3/2{gvsg3onrn6wk6k+ofv3ror{gg?"*"""".*"""""ccnnskvg":"{*"""""""vgrskon":""3.2.2".*"""""""rgsonvgf":""jvvrs://rggksvr{.nrojs.org/ccnnskvg///ccnnskvg/3.2.2.vgz".*"""""""knvggrkv{":""sjc3/kco{7fzkvzsfk2:jbrw+borzvcc?"*"""".*"""""coorongnv/bknf":"{*"""""""vgrskon":""3.2.2".*"""""""rgsonvgf":""jvvrs://rggksvr{.nrojs.org/coorongnv/bknf///coorongnv/bknf/3.2.2.vgz".*"""""""knvggrkv{":""sjc3/co{ks33nk6n:ccnngz26jj7zw;g?"*"""".*"""""coorongnv/gokvvgr":"{*"""""""vgrskon":""3.2.3".*"""""""rgsonvgf":""jvvrs://rggksvr{.nrojs.org/coorongnv/gokvvgr///coorongnv/gokvvgr/3.2.3.vgz".*"""""""knvggrkv{":""sjc3/g3k{3vgcg/ffgov:worjsocwjg{?"*"""".*"""""coorongnv/knjgrkv":"{*"""""""vgrskon":""2.2.3".*"""""""rgsonvgf":""jvvrs://rggksvr{.nrojs.org/coorongnv/knjgrkv///coorongnv/knjgrkv/2.2.3.vgz".*"""""""knvggrkv{":""sjc3/zf/grfwncrzj3crowvvjnbjv:wo?"*"""".*"""""convgnv/fksroskvkon":"{*"""""""vgrskon":""2.7.2".*"""""""rgsonvgf":""jvvrs://rggksvr{.nrojs.org/convgnv/fksroskvkon///convgnv/fksroskvkon/2.7.2.vgz".*"""""""knvggrkv{":""sjc3/frcnwf33:r77{coowzjnjfwnjns?"*"""".*"""""convgnv/v{rg":"{*"""""""vgrskon":""3.2.6".*"""""""rgsonvgf":""jvvrs://rggksvr{.nrojs.org/convgnv/v{rg///convgnv/v{rg/3.2.6.vgz".*"""""""knvggrkv{":""sjc732/jkr3ggrs:vb;cv3n+nwsvwocrs6ok2zob:;owzojjjwg;oknf/j6osnnsnzbcbfbk/vvkg/vwc;oowjkrbjrzc??"*"""".*"""""cookkg":"{*"""""""vgrskon":""2.3.3".*"""""""rgsonvgf":""jvvrs://rggksvr{.nrojs.org/cookkg///cookkg/2.3.3.vgz".*"""""""knvggrkv{":""sjc3/7+cj+g;fvok6knzcwrbobvfoc7s?"*"""".*"""""cookkg/skgncvwrg":"{*"""""""vgrskon":""3.2.6".*"""""""rgsonvgf":""jvvrs://rggksvr{.nrojs.org/cookkg/skgncvwrg///cookkg/skgncvwrg/3.2.6.vgz".*"""""""knvggrkv{":""sjc3/6woogrnczf7o{ng6gzoznnszrkw?"*"""".*"""""fgbwg":"{*"""""""vgrskon":""2.6.;".*"""""""rgsonvgf":""jvvrs://rggksvr{.nrojs.org/fgbwg///fgbwg/2.6.;.vgz".*"""""""knvggrkv{":""sjc732/bc7gnrfjcjnrbcr+3gov{vszsb3gcn7wk6bfk6bjvwcnowr6cvsrg2jzznrvkfjo/g7cfgfbvgcrvonckgsjoc??".*"""""""rgswkrgs":"{*"""""""""os":""2.2.2"*""""""*"""".*"""""fgrf":"{*"""""""vgrskon":""3.3.2".*"""""""rgsonvgf":""jvvrs://rggksvr{.nrojs.org/fgrf///fgrf/3.3.2.vgz".*"""""""knvggrkv{":""sjc3/o:3s6wwjf2rnsbj2zfrw2wvgvck?"*"""".*"""""fgsvro{":"{*"""""""vgrskon":""3.2.6".*"""""""rgsonvgf":""jvvrs://rggksvr{.nrojs.org/fgsvro{///fgsvro{/3.2.6.vgz".*"""""""knvggrkv{":""sjc3/n6jzrczgfj7cbog+n7rkb{jsv{c?"*"""".*"""""gg/fkrsv":"{*"""""""vgrskon":""3.3.3".*"""""""rgsonvgf":""jvvrs://rggksvr{.nrojs.org/gg/fkrsv///gg/fkrsv/3.3.3.vgz".*"""""""knvggrkv{":""sjc3/wszjfwsk6vvwjvc{ovk{zrzwsj2?"*"""".*"""""gncofgwrn":"{*"""""""vgrskon":""3.2.2".*"""""""rgsonvgf":""jvvrs://rggksvr{.nrojs.org/gncofgwrn///gncofgwrn/3.2.2.vgz".*"""""""knvggrkv{":""sjc3/rv/2{g7c2ck{n3ocw6oobsnbr3k?"*"""".*"""""gngkng.ko":"{*"""""""vgrskon":""3.2.2".*"""""""rgsonvgf":""jvvrs://rggksvr{.nrojs.org/gngkng.ko///gngkng.ko/3.2.2.vgz".*"""""""knvggrkv{":""sjc732/orbgocvs6gcnkwwrnncvzzwfrjgz+jkc2obcnrzwf/crvwnk3czrsnsk6fssocorrjr{vjr:vorovogcc66fkw??".*"""""""rgswkrgs":"{*"""""""""cccgrvs":""3.3.7".*"""""""""bcsg66kf":""3.2.2".*"""""""""cookkg":""2.3.3".*"""""""""fgbwg":""3.3.2".*"""""""""gngkng.ko/rcrsgr":""2.3.2".*"""""""""ws":""3.3.3"*"""""".*"""""""fgrgnfgnckgs":"{*"""""""""fgbwg":"{*"""""""""""vgrskon":""3.3.2".*"""""""""""rgsonvgf":""jvvrs://rggksvr{.nrojs.org/fgbwg///fgbwg/3.3.2.vgz".*"""""""""""knvggrkv{":""sjc732/oz:zsr7/3c;cskz{w2{zss37f26nkwbrfzsf2/wk/krsfsjzbrc;;6jnzjcg2vssrfsnf77723ckrwogsoo{3g??".*"""""""""""rgswkrgs":"{*"""""""""""""os":""2.2.2"*""""""""""*""""""""*""""""*"""".*"""""gngkng.ko/cnkgnv":"{*"""""""vgrskon":""3.2.3".*"""""""rgsonvgf":""jvvrs://rggksvr{.nrojs.org/gngkng.ko/cnkgnv///gngkng.ko/cnkgnv/3.2.3.vgz".*"""""""knvggrkv{":""sjc732/{7cbk{vwgo6jsr7o/kosnc7czrrkc3jgvwb/s3fwcwgjs7czjj6nnvzwkrwzvfk7os777wwfvz6kv2rzj6rvzw??".*"""""""rgswkrgs":"{*"""""""""coorongnv/gokvvgr":""3.2.3".*"""""""""coorongnv/knjgrkv":""2.2.3".*"""""""""fgbwg":""3.3.2".*"""""""""gngkng.ko/rcrsgr":""2.3.2".*"""""""""jcs/cors":""3.3.2".*"""""""""knfgzof":""2.2.3".*"""""""""rcrsgss":""2.2.7".*"""""""""rcrsgwrk":""2.2.7".*"""""""""ws":""3.3.3".*"""""""""zonjvvrrgswgsv/ssn":""3.7.7".*"""""""""{gcsv":""2.3.2"*"""""".*"""""""fgrgnfgnckgs":"{*"""""""""fgbwg":"{*"""""""""""vgrskon":""3.3.2".*"""""""""""rgsonvgf":""jvvrs://rggksvr{.nrojs.org/fgbwg///fgbwg/3.3.2.vgz".*"""""""""""knvggrkv{":""sjc732/oz:zsr7/3c;cskz{w2{zss37f26nkwbrfzsf2/wk/krsfsjzbrc;;6jnzjcg2vssrfsnf77723ckrwogsoo{3g??".*"""""""""""rgswkrgs":"{*"""""""""""""os":""2.2.2"*""""""""""*""""""""*""""""*"""".*"""""gngkng.ko/rcrsgr":"{*"""""""vgrskon":""2.3.2".*"""""""rgsonvgf":""jvvrs://rggksvr{.nrojs.org/gngkng.ko/rcrsgr///gngkng.ko/rcrsgr/2.3.2.vgz".*"""""""knvggrkv{":""sjc732/fknnfzr:2rkjz3rgrz3+76/wfoj7/7knjj3kzv+os6jv:vnz3ngw/wnsc/f:cs3wkofkw{b3vnr{wzgzwscnow??".*"""""""rgswkrgs":"{*"""""""""cfvgr":""2.:.2".*"""""""""crrc{bwffgr.snkcg":""2.2.7".*"""""""""bcsg66/crrc{bwffgr":""2.3.7".*"""""""""bnob":""2.2.6".*"""""""""jcs/bkncr{2":""3.2.3"*""""""*"""".*"""""gsccrg/jvon":"{*"""""""vgrskon":""3.2.3".*"""""""rgsonvgf":""jvvrs://rggksvr{.nrojs.org/gsccrg/jvon///gsccrg/jvon/3.2.3.vgz".*"""""""knvggrkv{":""sjc3/cnjs7nrswjfn6cfrgk7wbr2fg{g?"*"""".*"""""gvcg":"{*"""""""vgrskon":""3.:.3".*"""""""rgsonvgf":""jvvrs://rggksvr{.nrojs.org/gvcg///gvcg/3.:.3.vgz".*"""""""knvggrkv{":""sjc3/sc6w62zvrkjorr/sg6z;gsobckc?"*"""".*"""""gzrrgss":"{*"""""""vgrskon":""6.36.6".*"""""""rgsonvgf":""jvvrs://rggksvr{.nrojs.org/gzrrgss///gzrrgss/6.36.6.vgz".*"""""""knvggrkv{":""sjc732/j32ww{b6forf/ssco6wcjckrvo:ffvrjzbff7f2kon2gncz3{wnfwb/nok{s2kw6s6cfcrswcrnffrbcnkswog??".*"""""""rgswkrgs":"{*"""""""""cccgrvs":""3.3.7".*"""""""""crrc{/fncvvgn":""3.3.3".*"""""""""bof{/rcrsgr":""3.3:.3".*"""""""""convgnv/fksroskvkon":""2.7.2".*"""""""""convgnv/v{rg":""3.2.6".*"""""""""cookkg":""2.3.3".*"""""""""cookkg/skgncvwrg":""3.2.6".*"""""""""fgbwg":""2.6.;".*"""""""""fgrf":""3.3.2".*"""""""""gncofgwrn":""3.2.2".*"""""""""gsccrg/jvon":""3.2.3".*"""""""""gvcg":""3.:.3".*"""""""""fkncnjcnfngr":""3.3.3".*"""""""""frgsj":""2.7.2".*"""""""""ogrgg/fgscrkrvors":""3.2.3".*"""""""""ogvjofs":""3.3.2".*"""""""""on/fknksjgf":""2.3.2".*"""""""""rcrsgwrn":""3.3.2".*"""""""""rcvj/vo/rgggzr":""2.3.7".*"""""""""rroz{/cffr":""2.2.6".*"""""""""ss":""6.7.2".*"""""""""rcngg/rcrsgr":""3.2.2".*"""""""""scfg/bwffgr":""7.3.2".*"""""""""sgnf":""2.36.2".*"""""""""sgrvg/svcvkc":""3.33.2".*"""""""""sgvrrovov{rgof":""3.3.2".*"""""""""svcvwsgs":""3.6.2".*"""""""""v{rg/ks":""3.6.36".*"""""""""wvkns/ogrgg":""3.2.3".*"""""""""vcr{":""3.3.2"*""""""*"""".*"""""fkncnjcnfngr":"{*"""""""vgrskon":""3.3.3".*"""""""rgsonvgf":""jvvr://rggksvr{.nrojs.org/fkncnjcnfngr///fkncnjcnfngr/3.3.3.vgz".*"""""""knvggrkv{":""sjc732/{3gwfo3;gz6cjcw7o{snwf7jz{z+wckj:k77ko3cgrv3ffrn6sr7ojgk;7fgnwjc{{zr{oszcvjb2+;wz3frvg??".*"""""""rgswkrgs":"{*"""""""""fgbwg":""2.6.;".*"""""""""gncofgwrn":""3.2.2".*"""""""""gsccrg/jvon":""3.2.3".*"""""""""on/fknksjgf":""2.3.2".*"""""""""rcrsgwrn":""3.3.2".*"""""""""svcvwsgs":""3.6.2".*"""""""""wnrkrg":""3.2.2"*""""""*"""".*"""""forwcrfgf":"{*"""""""vgrskon":""2.3.2".*"""""""rgsonvgf":""jvvrs://rggksvr{.nrojs.org/forwcrfgf///forwcrfgf/2.3.2.vgz".*"""""""knvggrkv{":""sjc3/ook;szf3zzwobzrozszzgw/zjks?"*"""".*"""""frgsj":"{*"""""""vgrskon":""2.7.2".*"""""""rgsonvgf":""jvvrs://rggksvr{.nrojs.org/frgsj///frgsj/2.7.2.vgz".*"""""""knvggrkv{":""sjc3/r{{v2s2zzwn6g3sz+os{ojbwbcc?"*"""".*"""""jcs/bkncr{2":"{*"""""""vgrskon":""3.2.3".*"""""""rgsonvgf":""jvvrs://rggksvr{.nrojs.org/jcs/bkncr{2///jcs/bkncr{2/3.2.3.vgz".*"""""""knvggrkv{":""sjc732/g3nwkjfsvjggcs:orvsnsncob2sjfwcvvzkn2rfkkjfrf/r{j26nkknzf6;bnjbnsvvssnw+n3sn72vzzjzonw??".*"""""""rgswkrgs":"{*"""""""""kscrrc{":""2.2.3"*""""""*"""".*"""""jcs/cors":"{*"""""""vgrskon":""3.3.2".*"""""""rgsonvgf":""jvvrs://rggksvr{.nrojs.org/jcs/cors///jcs/cors/3.3.2.vgz".*"""""""knvggrkv{":""sjc3/zkfjk/fsogrrw7ncrw;j/zjv/zk?"*"""".*"""""jvvr/grrors":"{*"""""""vgrskon":""3.6.3".*"""""""rgsonvgf":""jvvr://rggksvr{.nrojs.org/jvvr/grrors///jvvr/grrors/3.6.3.vgz".*"""""""knvggrkv{":""sjc3/k3voc7s+kfonw/vsnjj{c+jzog2?".*"""""""rgswkrgs":"{*"""""""""fgrf":""3.3.2".*"""""""""knjgrkvs":""2.2.3".*"""""""""sgvrrovov{rgof":""3.3.2".*"""""""""svcvwsgs":""3.6.2"*""""""*"""".*"""""kconv/nkvg":"{*"""""""vgrskon":""2.6.23".*"""""""rgsonvgf":""jvvrs://rggksvr{.nrojs.org/kconv/nkvg///kconv/nkvg/2.6.23.vgz".*"""""""knvggrkv{":""sjc732/ng{vwvfvcjjf2ob3fzv77w+:o2sb:;jffnbkf7r3jg{rbrckc3gzzovn2fs:v{w2goof7scn7swkvb/roz{vfc??".*"""""""rgswkrgs":"{*"""""""""scfgr/bwffgr":""2.3.2"*""""""*"""".*"""""knfgzof":"{*"""""""vgrskon":""2.2.3".*"""""""rgsonvgf":""jvvrs://rggksvr{.nrojs.org/knfgzof///knfgzof/2.2.3.vgz".*"""""""knvggrkv{":""sjc3/gvwzbsorkgkznswroroo{fn;s32?"*"""".*"""""knjgrkvs":"{*"""""""vgrskon":""2.2.3".*"""""""rgsonvgf":""jvvrs://rggksvr{.nrojs.org/knjgrkvs///knjgrkvs/2.2.3.vgz".*"""""""knvggrkv{":""sjc3/{zwsg+rcsswc;srocksc;ccc{f6?"*"""".*"""""krcffr.js":"{*"""""""vgrskon":""3.:.2".*"""""""rgsonvgf":""jvvrs://rggksvr{.nrojs.org/krcffr.js///krcffr.js/3.:.2.vgz".*"""""""knvggrkv{":""sjc3/6so;bf36zo;/b+fj{grc7wzzkz6?"*"""".*"""""kscrrc{":"{*"""""""vgrskon":""2.2.3".*"""""""rgsonvgf":""jvvrs://rggksvr{.nrojs.org/kscrrc{///kscrrc{/2.2.3.vgz".*"""""""knvggrkv{":""sjc3/o32w7zzcnvogzj;2/nnw6fo6fb6?"*"""".*"""""ogfkc/v{rgr":"{*"""""""vgrskon":""2.3.2".*"""""""rgsonvgf":""jvvr://rggksvr{.nrojs.org/ogfkc/v{rgr///ogfkc/v{rgr/2.3.2.vgz".*"""""""knvggrkv{":""sjc3/jzfzrwsojvj/+jzgcwjwwoonv2g?"*"""".*"""""ogrgg/fgscrkrvors":"{*"""""""vgrskon":""3.2.3".*"""""""rgsonvgf":""jvvrs://rggksvr{.nrojs.org/ogrgg/fgscrkrvors///ogrgg/fgscrkrvors/3.2.3.vgz".*"""""""knvggrkv{":""sjc3/scssvw3{vgvofs7j2bnv:/kow2g?"*"""".*"""""ogvjofs":"{*"""""""vgrskon":""3.3.2".*"""""""rgsonvgf":""jvvrs://rggksvr{.nrojs.org/ogvjofs///ogvjofs/3.3.2.vgz".*"""""""knvggrkv{":""sjc3/vsok3nzwg27czszovonbf6wc/o6?"*"""".*"""""okog":"{*"""""""vgrskon":""3.6.3".*"""""""rgsonvgf":""jvvrs://rggksvr{.nrojs.org/okog///okog/3.6.3.vgz".*"""""""knvggrkv{":""sjc732/kk3+sozw7fcw6wc{{jszr/vzkcfc7oo6s3z2sjjfwnzncof3fvzs7onw{6jcvrc+;fkkowwggnng7w3wksvzvs??"*"""".*"""""okog/fb":"{*"""""""vgrskon":""3.37.2".*"""""""rgsonvgf":""jvvrs://rggksvr{.nrojs.org/okog/fb///okog/fb/3.37.2.vgz".*"""""""knvggrkv{":""sjc732/r3c6fb6bgsjnkjrw6:fwvfvoknfns+jrfcf7k{kjvfj26vrnvfk2rjk{n3wjsknso:n+{zcvfkobv2vk+s/{bg??"*"""".*"""""okog/v{rgs":"{*"""""""vgrskon":""2.3.23".*"""""""rgsonvgf":""jvvrs://rggksvr{.nrojs.org/okog/v{rgs///okog/v{rgs/2.3.23.vgz".*"""""""knvggrkv{":""sjc732/3kn6fbwr{nzjr3zjsfnfgb;nz/o:wfkz33v3gfsnfonnwk:rorj/nsrb7oznnnw7r;nj73z6now/gogc+f7njg??".*"""""""rgswkrgs":"{*"""""""""okog/fb":""3.37.2"*""""""*"""".*"""""os":"{*"""""""vgrskon":""2.2.2".*"""""""rgsonvgf":""jvvrs://rggksvr{.nrojs.org/os///os/2.2.2.vgz".*"""""""knvggrkv{":""sjc3/vgkwrfwcvowrcf;fogf6jgfvn:g?"*"""".*"""""nggovkcvor":"{*"""""""vgrskon":""2.6.3".*"""""""rgsonvgf":""jvvrs://rggksvr{.nrojs.org/nggovkcvor///nggovkcvor/2.6.3.vgz".*"""""""knvggrkv{":""sjc3/kzjzjokzksgzg{jwr7zngcrnfkk?"*"""".*"""""objgcv/coorongnv":"{*"""""""vgrskon":""2.2.3".*"""""""rgsonvgf":""jvvrs://rggksvr{.nrojs.org/objgcv/coorongnv///objgcv/coorongnv/2.2.3.vgz".*"""""""knvggrkv{":""sjc3/:occrs7:nbjow{b2cko3ccsvgrg?"*"""".*"""""on/fknksjgf":"{*"""""""vgrskon":""2.3.2".*"""""""rgsonvgf":""jvvrs://rggksvr{.nrojs.org/on/fknksjgf///on/fknksjgf/2.3.2.vgz".*"""""""knvggrkv{":""sjc3/krgzzkgwg:33o3osownzsk2scwc?".*"""""""rgswkrgs":"{*"""""""""gg/fkrsv":""3.3.3"*""""""*"""".*"""""rcrsgss":"{*"""""""vgrskon":""2.2.7".*"""""""rgsonvgf":""jvvrs://rggksvr{.nrojs.org/rcrsgss///rcrsgss/2.2.7.vgz".*"""""""knvggrkv{":""sjc3/3scknzjkz2bkkbowoznossgowj2?".*"""""""rgswkrgs":"{*"""""""""bgvvgr/cssgrv":""3.2.2"*""""""*"""".*"""""rcrsgwrk":"{*"""""""vgrskon":""2.2.7".*"""""""rgsonvgf":""jvvrs://rggksvr{.nrojs.org/rcrsgwrk///rcrsgwrk/2.2.7.vgz".*"""""""knvggrkv{":""sjc3/gcbkwnvbv3o/3g6+j3jzfkvoogo?".*"""""""rgswkrgs":"{*"""""""""bgvvgr/cssgrv":""3.2.2"*""""""*"""".*"""""rcrsgwrn":"{*"""""""vgrskon":""3.3.2".*"""""""rgsonvgf":""jvvrs://rggksvr{.nrojs.org/rcrsgwrn///rcrsgwrn/3.3.2.vgz".*"""""""knvggrkv{":""sjc3//ckfvvkzorngfbvkw{{s3k3ow/o?"*"""".*"""""rcvj/vo/rgggzr":"{*"""""""vgrskon":""2.3.7".*"""""""rgsonvgf":""jvvrs://rggksvr{.nrojs.org/rcvj/vo/rgggzr///rcvj/vo/rgggzr/2.3.7.vgz".*"""""""knvggrkv{":""sjc3/32bbgcbfwk:v62ss7{r6g/sof6w?"*"""".*"""""rroz{/cffr":"{*"""""""vgrskon":""2.2.6".*"""""""rgsonvgf":""jvvrs://rggksvr{.nrojs.org/rroz{/cffr///rroz{/cffr/2.2.6.vgz".*"""""""knvggrkv{":""sjc732/7grko2j;jr7cjgwc{bozovsjoncbzggwnfj2rgz+ww7sn{7oozzvvj76vgn{bkzkgkowjjvokrvzfvgkc{szwc??".*"""""""rgswkrgs":"{*"""""""""forwcrfgf":""2.3.2".*"""""""""krcffr.js":""3.:.2"*""""""*"""".*"""""ss":"{*"""""""vgrskon":""6.7.2".*"""""""rgsonvgf":""jvvrs://rggksvr{.nrojs.org/ss///ss/6.7.2.vgz".*"""""""knvggrkv{":""sjc732/n7zcz6/nzjof+7wn76rwf6scj;/wnvfscjs;vzjgvvzzswo7bfow;3scsojzgs2zs;3/ofn2fw/won7ssjnfgc??"*"""".*"""""rcngg/rcrsgr":"{*"""""""vgrskon":""3.2.2".*"""""""rgsonvgf":""jvvrs://rggksvr{.nrojs.org/rcngg/rcrsgr///rcngg/rcrsgr/3.2.2.vgz".*"""""""knvggrkv{":""sjc3/;jvovkgjvfzc3onkok;jgjngfv6?"*"""".*"""""rcw/bof{":"{*"""""""vgrskon":""2.3.3".*"""""""rgsonvgf":""jvvrs://rggksvr{.nrojs.org/rcw/bof{///rcw/bof{/2.3.3.vgz".*"""""""knvggrkv{":""sjc732/;gskgnv3brzok3rcfwowkcbrbwcrggcfrsfjsfngzf{6o{zsgjzw6kngkkvkvbjg+ff2bz;cogv:ksw6z/7njw??".*"""""""rgswkrgs":"{*"""""""""b{vgs":""3.2.2".*"""""""""jvvr/grrors":""3.6.3".*"""""""""kconv/nkvg":""2.6.23".*"""""""""wnrkrg":""3.2.2"*""""""*"""".*"""""scfg/bwffgr":"{*"""""""vgrskon":""7.3.2".*"""""""rgsonvgf":""jvvrs://rggksvr{.nrojs.org/scfg/bwffgr///scfg/bwffgr/7.3.2.vgz".*"""""""knvggrkv{":""sjc732/gf2wzbjfkzn{7gbjzfsg:/nvkkwgw3g3:c3skn6sr6c;rv;oojb:gnrscsoojsof:nokrv:wf/wrvoj{s6g6+g??"*"""".*"""""scfgr/bwffgr":"{*"""""""vgrskon":""2.3.2".*"""""""rgsonvgf":""jvvrs://rggksvr{.nrojs.org/scfgr/bwffgr///scfgr/bwffgr/2.3.2.vgz".*"""""""knvggrkv{":""sjc732/{zo3k:2sf7rk{k2g3gsrojnz7krgrnssk;k{rbjjg3zzzgvb7fjk7vr{n2cfzgcsbjg7vc{rjk2cbwscsrkwvg??"*"""".*"""""sgnf":"{*"""""""vgrskon":""2.36.2".*"""""""rgsonvgf":""jvvrs://rggksvr{.nrojs.org/sgnf///sgnf/2.36.2.vgz".*"""""""knvggrkv{":""sjc732/g66{frwssfjgfbvrbbjr66ncnvk3cojzs:zskjjsnskcfkwrk{gr6v{ggsrfj:scozgrkcz3bgvjcnscwkcgzw??".*"""""""rgswkrgs":"{*"""""""""fgbwg":""2.6.;".*"""""""""fgrf":""3.3.2".*"""""""""fgsvro{":""3.2.6".*"""""""""gncofgwrn":""3.2.2".*"""""""""gsccrg/jvon":""3.2.3".*"""""""""gvcg":""3.:.3".*"""""""""frgsj":""2.7.2".*"""""""""jvvr/grrors":""3.6.3".*"""""""""okog":""3.6.3".*"""""""""os":""2.2.2".*"""""""""on/fknksjgf":""2.3.2".*"""""""""rcngg/rcrsgr":""3.2.2".*"""""""""svcvwsgs":""3.6.2"*""""""*"""".*"""""sgrvg/svcvkc":"{*"""""""vgrskon":""3.33.2".*"""""""rgsonvgf":""jvvrs://rggksvr{.nrojs.org/sgrvg/svcvkc///sgrvg/svcvkc/3.33.2.vgz".*"""""""knvggrkv{":""sjc732/r/vfjro6w3:7r;oojb3oj7ssocofoo{f6j;jofozzg2bcsszgjcswjw{c/ckv7kgzzkrwfjnoc2r{zon:rs7nw??".*"""""""rgswkrgs":"{*"""""""""gncofgwrn":""3.2.2".*"""""""""gsccrg/jvon":""3.2.3".*"""""""""rcrsgwrn":""3.3.2".*"""""""""sgnf":""2.36.2"*""""""*"""".*"""""sgvrrovov{rgof":"{*"""""""vgrskon":""3.3.2".*"""""""rgsonvgf":""jvvrs://rggksvr{.nrojs.org/sgvrrovov{rgof///sgvrrovov{rgof/3.3.2.vgz".*"""""""knvggrkv{":""sjc732/bvg/vwrzz6fzgzzozz{rgssv673oswowkzgsvorcrkjfswwb67kvkwkoz63czzrs/cbbzwbcnfwofzv2zgfkrs??"*"""".*"""""sockgv.ko":"{*"""""""vgrskon":""2.3.3".*"""""""rgsonvgf":""jvvrs://rggksvr{.nrojs.org/sockgv.ko///sockgv.ko/2.3.3.vgz".*"""""""knvggrkv{":""sjc732/rorss;c+7w2fck3cngwns{fv/skzv;;jv6vzg+ggnfbgcw3zgjb{7z:7f3w{rc;6::nkjvwo;rz;n33/zsk:{c??".*"""""""rgswkrgs":"{*"""""""""fgbwg":""3.3.2".*"""""""""gngkng.ko":""3.2.2".*"""""""""jcs/bkncr{2":""3.2.3".*"""""""""sockgv.ko/cfcrvgr":""3.3.3".*"""""""""sockgv.ko/cnkgnv":""2.3.3".*"""""""""sockgv.ko/rcrsgr":""3.2.2"*"""""".*"""""""fgrgnfgnckgs":"{*"""""""""fgbwg":"{*"""""""""""vgrskon":""3.3.2".*"""""""""""rgsonvgf":""jvvrs://rggksvr{.nrojs.org/fgbwg///fgbwg/3.3.2.vgz".*"""""""""""knvggrkv{":""sjc732/oz:zsr7/3c;cskz{w2{zss37f26nkwbrfzsf2/wk/krsfsjzbrc;;6jnzjcg2vssrfsnf77723ckrwogsoo{3g??".*"""""""""""rgswkrgs":"{*"""""""""""""os":""2.2.2"*""""""""""*""""""""*""""""*"""".*"""""sockgv.ko/cfcrvgr":"{*"""""""vgrskon":""3.3.3".*"""""""rgsonvgf":""jvvrs://rggksvr{.nrojs.org/sockgv.ko/cfcrvgr///sockgv.ko/cfcrvgr/3.3.3.vgz".*"""""""knvggrkv{":""sjc3/kobgkjvwn{gk3zfzrwwc+osj:gs?"*"""".*"""""sockgv.ko/cnkgnv":"{*"""""""vgrskon":""2.3.3".*"""""""rgsonvgf":""jvvrs://rggksvr{.nrojs.org/sockgv.ko/cnkgnv///sockgv.ko/cnkgnv/2.3.3.vgz".*"""""""knvggrkv{":""sjc732/jznf{jcwfz{fjskgfwsnjzsvcogssn+ojkvfczwcnwc7gcr7zsnk2fz/3wgsfc{7ncfcfzvnvkrooo7jvwvzgs??".*"""""""rgswkrgs":"{*"""""""""bccko2":""3.2.2".*"""""""""bcsg66/crrc{bwffgr":""2.3.7".*"""""""""coorongnv/bknf":""3.2.2".*"""""""""coorongnv/gokvvgr":""3.2.3".*"""""""""fgbwg":""3.3.2".*"""""""""gngkng.ko/cnkgnv":""3.2.3".*"""""""""jcs/bkncr{2":""3.2.3".*"""""""""jcs/cors":""3.3.2".*"""""""""knfgzof":""2.2.3".*"""""""""objgcv/coorongnv":""2.2.3".*"""""""""rcrsgss":""2.2.7".*"""""""""rcrsgwrk":""2.2.7".*"""""""""sockgv.ko/rcrsgr":""3.2.2".*"""""""""vo/crrc{":""2.3.6"*"""""".*"""""""fgrgnfgnckgs":"{*"""""""""fgbwg":"{*"""""""""""vgrskon":""3.3.2".*"""""""""""rgsonvgf":""jvvrs://rggksvr{.nrojs.org/fgbwg///fgbwg/3.3.2.vgz".*"""""""""""knvggrkv{":""sjc732/oz:zsr7/3c;cskz{w2{zss37f26nkwbrfzsf2/wk/krsfsjzbrc;;6jnzjcg2vssrfsnf77723ckrwogsoo{3g??".*"""""""""""rgswkrgs":"{*"""""""""""""os":""2.2.2"*""""""""""*""""""""*""""""*"""".*"""""sockgv.ko/rcrsgr":"{*"""""""vgrskon":""3.2.2".*"""""""rgsonvgf":""jvvrs://rggksvr{.nrojs.org/sockgv.ko/rcrsgr///sockgv.ko/rcrsgr/3.2.2.vgz".*"""""""knvggrkv{":""sjc732/f{kbz7rc/korojngsz{sfnwz/rkvvszb{gnnjzvjforvrgwf/k:ocw7cffrj7vrnvkcjfgwfnjfz3nvvbvnfsc??".*"""""""rgswkrgs":"{*"""""""""coorongnv/gokvvgr":""3.2.3".*"""""""""fgbwg":""3.3.2".*"""""""""kscrrc{":""2.2.3"*"""""".*"""""""fgrgnfgnckgs":"{*"""""""""fgbwg":"{*"""""""""""vgrskon":""3.3.2".*"""""""""""rgsonvgf":""jvvrs://rggksvr{.nrojs.org/fgbwg///fgbwg/3.3.2.vgz".*"""""""""""knvggrkv{":""sjc732/oz:zsr7/3c;cskz{w2{zss37f26nkwbrfzsf2/wk/krsfsjzbrc;;6jnzjcg2vssrfsnf77723ckrwogsoo{3g??".*"""""""""""rgswkrgs":"{*"""""""""""""os":""2.2.2"*""""""""""*""""""""*""""""*"""".*"""""svcvwsgs":"{*"""""""vgrskon":""3.6.2".*"""""""rgsonvgf":""jvvrs://rggksvr{.nrojs.org/svcvwsgs///svcvwsgs/3.6.2.vgz".*"""""""knvggrkv{":""sjc732/zjscvv:v2nfrrnrsrcnvw/jgznvfwfszbo3wfskkb/jbk72nk6nsswr32w77korcw7ns{jrwzs2gngc6:onggw??"*"""".*"""""vo/crrc{":"{*"""""""vgrskon":""2.3.6".*"""""""rgsonvgf":""jvvrs://rggksvr{.nrojs.org/vo/crrc{///vo/crrc{/2.3.6.vgz".*"""""""knvggrkv{":""sjc3/f+bbj3rfvz32zcgk/zk66c2b+jc?"*"""".*"""""v{rg/ks":"{*"""""""vgrskon":""3.6.36".*"""""""rgsonvgf":""jvvrs://rggksvr{.nrojs.org/v{rg/ks///v{rg/ks/3.6.36.vgz".*"""""""knvggrkv{":""sjc732/jrkvv/7s{2g6k:kcb;ck7v3bokfjo;6fvjscrfgnw;w+3ggfosjo{2gb{g6vvcrwzonrcogfvn3fvvjrkr2j;s??".*"""""""rgswkrgs":"{*"""""""""ogfkc/v{rgr":""2.3.2".*"""""""""okog/v{rgs":""2.3.23"*""""""*"""".*"""""wnvron":"{*"""""""vgrskon":""3.3.3".*"""""""rgsonvgf":""jvvrs://rggksvr{.nrojs.org/wnvron///wnvron/3.3.3.vgz".*"""""""knvggrkv{":""sjc732/wkgzbng{okrvwj6z:znsvgs:fv76zg2/grw;vgkrzz+nkjns:w/zo/n+7cvckrrgbnnnr2zzw6bkor2cw2n2og??"*"""".*"""""wnrkrg":"{*"""""""vgrskon":""3.2.2".*"""""""rgsonvgf":""jvvrs://rggksvr{.nrojs.org/wnrkrg///wnrkrg/3.2.2.vgz".*"""""""knvggrkv{":""sjc3/sr;o6ffkrofnvkf6kfkbnvszbow?"*"""".*"""""wvkns/ogrgg":"{*"""""""vgrskon":""3.2.3".*"""""""rgsonvgf":""jvvrs://rggksvr{.nrojs.org/wvkns/ogrgg///wvkns/ogrgg/3.2.3.vgz".*"""""""knvggrkv{":""sjc3/n7vzf3ckz7r7nowsr2jbcosn7zo?"*"""".*"""""vcr{":"{*"""""""vgrskon":""3.3.2".*"""""""rgsonvgf":""jvvrs://rggksvr{.nrojs.org/vcr{///vcr{/3.3.2.vgz".*"""""""knvggrkv{":""sjc3/krnwng3vonsnnjsnn3rssjj2nrw?"*"""".*"""""ws":"{*"""""""vgrskon":""3.3.3".*"""""""rgsonvgf":""jvvrs://rggksvr{.nrojs.org/ws///ws/3.3.3.vgz".*"""""""knvggrkv{":""sjc732/nnwnc/nwzsv6ksjw73o{nccss7g7knroroov6zv:j6fsvzfonwosjs:/onc26;ckrg2frsgfvskwbvfvkncfkc??".*"""""""rgswkrgs":"{*"""""""""cs{nc/nkokvgr":""3.2.2".*"""""""""scfg/bwffgr":""7.3.2".*"""""""""wnvron":""3.3.3"*""""""*"""".*"""""zonjvvrrgswgsv/ssn":"{*"""""""vgrskon":""3.7.7".*"""""""rgsonvgf":""jvvrs://rggksvr{.nrojs.org/zonjvvrrgswgsv/ssn///zonjvvrrgswgsv/ssn/3.7.7.vgz".*"""""""knvggrkv{":""sjc3/wofrbjckrcsov;n+grkc{rs7kz6?"*"""".*"""""{gcsv":"{*"""""""vgrskon":""2.3.2".*"""""""rgsonvgf":""jvvrs://rggksvr{.nrojs.org/{gcsv///{gcsv/2.3.2.vgz".*"""""""knvggrkv{":""sjc3/ck6g2cnfkon{2:n67zcg{o{kzbk?"*""""*""**